github.com/mkch/gg v0.0.0-20260316121435-39da716c7d56 h1:aiA/VclybGoNtFMkFPWhtw66ywwbjMEesUzfIemTy50=
github.com/mkch/gg v0.0.0-20260316121435-39da716c7d56/go.mod h1:U5RQAS2LPwnWs/CX+LwZOioBmDcK3htt8yZe0PUAk04=
github.com/mkch/iter2 v0.0.0-20250422043347-0a8d32207b63 h1:vWVF1oPG4kIzAIsXFGi5EosxEs5Z7MhEr1HFEriqcGY=
github.com/mkch/iter2 v0.0.0-20250422043347-0a8d32207b63/go.mod h1:choU7msDB0XDRX4YaL6yS+NJ6K3lSyrsFAcgXvXkyPM=
golang.org/x/exp v0.0.0-20231206192017-f3f8817b8deb h1:c0vyKkb6yr3KR7jEfJaOSv4lG7xPkbN6r52aJz1d8a8=
golang.org/x/exp v0.0.0-20231206192017-f3f8817b8deb/go.mod h1:iRJReGqOEeBhDZGkGbynYwcHlctCvnjTYIamk7uXpHI=
golang.org/x/sys v0.15.0 h1:h48lPFYpsTvQJZF4EKyI4aLHaev3CxivZmv7yZig9pc=
golang.org/x/sys v0.15.0/go.mod h1:/VUhepiaJMQUp4+oa/7Zr1D23ma6VTLIYjOOTFZPUcA=
